
Microsoft Visual Studio Solution File, Format Version 12.00
# Visual Studio Version 16
VisualStudioVersion = 16.0.30517.126
MinimumVisualStudioVersion = 10.0.40219.1
Project("{FAE04EC0-301F-11D3-BF4B-00C04F79EFBC}") = "DemoSignalR", "DemoSignalR.csproj", "{8B82370A-9767-4FDC-8EBF-96C75B3538B9}"
EndProject
Global
	GlobalSection(SolutionConfigurationPlatforms) = preSolution
		Debug|Any CPU = Debug|Any CPU
		Release|Any CPU = Release|Any CPU
	EndGlobalSection
	GlobalSection(ProjectConfigurationPlatforms) = postSolution
		{8B82370A-9767-4FDC-8EBF-96C75B3538B9}.Debug|Any CPU.ActiveCfg = Debug|Any CPU
		{8B82370A-9767-4FDC-8EBF-96C75B3538B9}.Debug|Any CPU.Build.0 = Debug|Any CPU
		{8B82370A-9767-4FDC-8EBF-96C75B3538B9}.Release|Any CPU.ActiveCfg = Release|Any CPU
		{8B82370A-9767-4FDC-8EBF-96C75B3538B9}.Release|Any CPU.Build.0 = Release|Any CPU
	EndGlobalSection
	GlobalSection(SolutionProperties) = preSolution
		HideSolutionNode = FALSE
	EndGlobalSection
	GlobalSection(ExtensibilityGlobals) = postSolution
		SolutionGuid = {CD39DD0C-BD4F-4894-A81E-49EC5B517308}
	EndGlobalSection
EndGlobal
